// !$*UTF8*$!
{
	archiveVersion = 1;
	classes = {
	};
	objectVersion = 46;
	objects = {

/* Begin PBXBuildFile section */
		49293ADDA309749D6A5E87AE /* libPods-TipCalculator.a in Frameworks */ = {isa = PBXBuildFile; fileRef = 190DFD3A2E418796BE4E1E53 /* libPods-TipCalculator.a */; };
		5E068CAC1D89F484002DBD35 /* LoginViewController.m in Sources */ = {isa = PBXBuildFile; fileRef = 5E068CAB1D89F484002DBD35 /* LoginViewController.m */; };
		5E068CB01D8A0629002DBD35 /* SignUpViewController.m in Sources */ = {isa = PBXBuildFile; fileRef = 5E068CAF1D8A0629002DBD35 /* SignUpViewController.m */; };
		5E068CB41D8A0658002DBD35 /* VerificationCodeViewController.m in Sources */ = {isa = PBXBuildFile; fileRef = 5E068CB31D8A0658002DBD35 /* VerificationCodeViewController.m */; };
		5E5FC3961D8D131D00AC7925 /* Service.m in Sources */ = {isa = PBXBuildFile; fileRef = 5E5FC3951D8D131D00AC7925 /* Service.m */; };
		5E5FC3991D8D135C00AC7925 /* UserModel.m in Sources */ = {isa = PBXBuildFile; fileRef = 5E5FC3981D8D135C00AC7925 /* UserModel.m */; };
		5EA6A2401D748E6D00CF388D /* main.m in Sources */ = {isa = PBXBuildFile; fileRef = 5EA6A23F1D748E6D00CF388D /* main.m */; };
		5EA6A2431D748E6D00CF388D /* AppDelegate.m in Sources */ = {isa = PBXBuildFile; fileRef = 5EA6A2421D748E6D00CF388D /* AppDelegate.m */; };
		5EA6A2461D748E6D00CF388D /* ViewController.m in Sources */ = {isa = PBXBuildFile; fileRef = 5EA6A2451D748E6D00CF388D /* ViewController.m */; };
		5EA6A2491D748E6D00CF388D /* Main.storyboard in Resources */ = {isa = PBXBuildFile; fileRef = 5EA6A2471D748E6D00CF388D /* Main.storyboard */; };
		5EA6A24C1D748E6D00CF388D /* TipCalculator.xcdatamodeld in Sources */ = {isa = PBXBuildFile; fileRef = 5EA6A24A1D748E6D00CF388D /* TipCalculator.xcdatamodeld */; };
		5EA6A24E1D748E6D00CF388D /* Assets.xcassets in Resources */ = {isa = PBXBuildFile; fileRef = 5EA6A24D1D748E6D00CF388D /* Assets.xcassets */; };
		5EA6A2511D748E6D00CF388D /* LaunchScreen.storyboard in Resources */ = {isa = PBXBuildFile; fileRef = 5EA6A24F1D748E6D00CF388D /* LaunchScreen.storyboard */; };
		5EA6A25D1D74A29000CF388D /* TableViewController.m in Sources */ = {isa = PBXBuildFile; fileRef = 5EA6A25C1D74A29000CF388D /* TableViewController.m */; };
		5EA6A2651D74CC1300CF388D /* TableViewCell.m in Sources */ = {isa = PBXBuildFile; fileRef = 5EA6A2631D74CC1300CF388D /* TableViewCell.m */; };
		5EA6A2681D768DD200CF388D /* libsqlite3.0.tbd in Frameworks */ = {isa = PBXBuildFile; fileRef = 5EA6A2671D768DD200CF388D /* libsqlite3.0.tbd */; };
		5EA6A26B1D76911500CF388D /* TipDataModel.m in Sources */ = {isa = PBXBuildFile; fileRef = 5EA6A26A1D76911500CF388D /* TipDataModel.m */; };
		5EBDB5061D81307700525075 /* CalenderViewController.m in Sources */ = {isa = PBXBuildFile; fileRef = 5EBDB5051D81307700525075 /* CalenderViewController.m */; };
		5ECB0C881D80EF7D00CBC1D5 /* Realm.framework in Frameworks */ = {isa = PBXBuildFile; fileRef = 5ECB0C871D80EF7D00CBC1D5 /* Realm.framework */; };
		5ECB0C891D80EF7D00CBC1D5 /* Realm.framework in Embed Frameworks */ = {isa = PBXBuildFile; fileRef = 5ECB0C871D80EF7D00CBC1D5 /* Realm.framework */; settings = {ATTRIBUTES = (CodeSignOnCopy, RemoveHeadersOnCopy, ); }; };
		5EF5A71B1D81DD1A000D5209 /* TabViewController.m in Sources */ = {isa = PBXBuildFile; fileRef = 5EF5A71A1D81DD1A000D5209 /* TabViewController.m */; };
		5EF5A7241D82326B000D5209 /* DisplayTableViewController.m in Sources */ = {isa = PBXBuildFile; fileRef = 5EF5A7231D82326B000D5209 /* DisplayTableViewController.m */; };
		5EF5A7291D83407A000D5209 /* TableViewCell.xib in Resources */ = {isa = PBXBuildFile; fileRef = 5EF5A7281D83407A000D5209 /* TableViewCell.xib */; };
/* End PBXBuildFile section */

/* Begin PBXCopyFilesBuildPhase section */
		5ECB0C8A1D80EF7D00CBC1D5 /* Embed Frameworks */ = {
			isa = PBXCopyFilesBuildPhase;
			buildActionMask = 2147483647;
			dstPath = "";
			dstSubfolderSpec = 10;
			files = (
				5ECB0C891D80EF7D00CBC1D5 /* Realm.framework in Embed Frameworks */,
			);
			name = "Embed Frameworks";
			runOnlyForDeploymentPostprocessing = 0;
		};
/* End PBXCopyFilesBuildPhase section */

/* Begin PBXFileReference section */
		190DFD3A2E418796BE4E1E53 /* libPods-TipCalculator.a */ = {isa = PBXFileReference; explicitFileType = archive.ar; includeInIndex = 0; path = "libPods-TipCalculator.a"; sourceTree = BUILT_PRODUCTS_DIR; };
		5E068CAA1D89F484002DBD35 /* LoginViewController.h */ = {isa = PBXFileReference; fileEncoding = 4; lastKnownFileType = sourcecode.c.h; path = LoginViewController.h; sourceTree = "<group>"; };
		5E068CAB1D89F484002DBD35 /* LoginViewController.m */ = {isa = PBXFileReference; fileEncoding = 4; lastKnownFileType = sourcecode.c.objc; path = LoginViewController.m; sourceTree = "<group>"; };
		5E068CAE1D8A0629002DBD35 /* SignUpViewController.h */ = {isa = PBXFileReference; fileEncoding = 4; lastKnownFileType = sourcecode.c.h; path = SignUpViewController.h; sourceTree = "<group>"; };
		5E068CAF1D8A0629002DBD35 /* SignUpViewController.m */ = {isa = PBXFileReference; fileEncoding = 4; lastKnownFileType = sourcecode.c.objc; path = SignUpViewController.m; sourceTree = "<group>"; };
		5E068CB21D8A0658002DBD35 /* VerificationCodeViewController.h */ = {isa = PBXFileReference; fileEncoding = 4; lastKnownFileType = sourcecode.c.h; path = VerificationCodeViewController.h; sourceTree = "<group>"; };
		5E068CB31D8A0658002DBD35 /* VerificationCodeViewController.m */ = {isa = PBXFileReference; fileEncoding = 4; lastKnownFileType = sourcecode.c.objc; path = VerificationCodeViewController.m; sourceTree = "<group>"; };
		5E5FC3941D8D131D00AC7925 /* Service.h */ = {isa = PBXFileReference; fileEncoding = 4; lastKnownFileType = sourcecode.c.h; path = Service.h; sourceTree = "<group>"; };
		5E5FC3951D8D131D00AC7925 /* Service.m */ = {isa = PBXFileReference; fileEncoding = 4; lastKnownFileType = sourcecode.c.objc; path = Service.m; sourceTree = "<group>"; };
		5E5FC3971D8D135C00AC7925 /* UserModel.h */ = {isa = PBXFileReference; fileEncoding = 4; lastKnownFileType = sourcecode.c.h; path = UserModel.h; sourceTree = "<group>"; };
		5E5FC3981D8D135C00AC7925 /* UserModel.m */ = {isa = PBXFileReference; fileEncoding = 4; lastKnownFileType = sourcecode.c.objc; path = UserModel.m; sourceTree = "<group>"; };
		5EA6A23B1D748E6D00CF388D /* TipCalculator.app */ = {isa = PBXFileReference; explicitFileType = wrapper.application; includeInIndex = 0; path = TipCalculator.app; sourceTree = BUILT_PRODUCTS_DIR; };
		5EA6A23F1D748E6D00CF388D /* main.m */ = {isa = PBXFileReference; lastKnownFileType = sourcecode.c.objc; path = main.m; sourceTree = "<group>"; };
		5EA6A2411D748E6D00CF388D /* AppDelegate.h */ = {isa = PBXFileReference; lastKnownFileType = sourcecode.c.h; path = AppDelegate.h; sourceTree = "<group>"; };
		5EA6A2421D748E6D00CF388D /* AppDelegate.m */ = {isa = PBXFileReference; lastKnownFileType = sourcecode.c.objc; path = AppDelegate.m; sourceTree = "<group>"; };
		5EA6A2441D748E6D00CF388D /* ViewController.h */ = {isa = PBXFileReference; lastKnownFileType = sourcecode.c.h; path = ViewController.h; sourceTree = "<group>"; };
		5EA6A2451D748E6D00CF388D /* ViewController.m */ = {isa = PBXFileReference; lastKnownFileType = sourcecode.c.objc; path = ViewController.m; sourceTree = "<group>"; };
		5EA6A2481D748E6D00CF388D /* Base */ = {isa = PBXFileReference; lastKnownFileType = file.storyboard; name = Base; path = Base.lproj/Main.storyboard; sourceTree = "<group>"; };
		5EA6A24B1D748E6D00CF388D /* TipCalculator.xcdatamodel */ = {isa = PBXFileReference; lastKnownFileType = wrapper.xcdatamodel; path = TipCalculator.xcdatamodel; sourceTree = "<group>"; };
		5EA6A24D1D748E6D00CF388D /* Assets.xcassets */ = {isa = PBXFileReference; lastKnownFileType = folder.assetcatalog; path = Assets.xcassets; sourceTree = "<group>"; };
		5EA6A2501D748E6D00CF388D /* Base */ = {isa = PBXFileReference; lastKnownFileType = file.storyboard; name = Base; path = Base.lproj/LaunchScreen.storyboard; sourceTree = "<group>"; };
		5EA6A2521D748E6D00CF388D /* Info.plist */ = {isa = PBXFileReference; lastKnownFileType = text.plist.xml; path = Info.plist; sourceTree = "<group>"; };
		5EA6A25B1D74A29000CF388D /* TableViewController.h */ = {isa = PBXFileReference; fileEncoding = 4; lastKnownFileType = sourcecode.c.h; path = TableViewController.h; sourceTree = "<group>"; };
		5EA6A25C1D74A29000CF388D /* TableViewController.m */ = {isa = PBXFileReference; fileEncoding = 4; lastKnownFileType = sourcecode.c.objc; path = TableViewController.m; sourceTree = "<group>"; };
		5EA6A2621D74CC1300CF388D /* TableViewCell.h */ = {isa = PBXFileReference; fileEncoding = 4; lastKnownFileType = sourcecode.c.h; path = TableViewCell.h; sourceTree = "<group>"; };
		5EA6A2631D74CC1300CF388D /* TableViewCell.m */ = {isa = PBXFileReference; fileEncoding = 4; lastKnownFileType = sourcecode.c.objc; path = TableViewCell.m; sourceTree = "<group>"; };
		5EA6A2671D768DD200CF388D /* libsqlite3.0.tbd */ = {isa = PBXFileReference; lastKnownFileType = "sourcecode.text-based-dylib-definition"; name = libsqlite3.0.tbd; path = usr/lib/libsqlite3.0.tbd; sourceTree = SDKROOT; };
		5EA6A2691D76911500CF388D /* TipDataModel.h */ = {isa = PBXFileReference; fileEncoding = 4; lastKnownFileType = sourcecode.c.h; path = TipDataModel.h; sourceTree = "<group>"; };
		5EA6A26A1D76911500CF388D /* TipDataModel.m */ = {isa = PBXFileReference; fileEncoding = 4; lastKnownFileType = sourcecode.c.objc; path = TipDataModel.m; sourceTree = "<group>"; };
		5EBDB5041D81307700525075 /* CalenderViewController.h */ = {isa = PBXFileReference; fileEncoding = 4; lastKnownFileType = sourcecode.c.h; path = CalenderViewController.h; sourceTree = "<group>"; };
		5EBDB5051D81307700525075 /* CalenderViewController.m */ = {isa = PBXFileReference; fileEncoding = 4; lastKnownFileType = sourcecode.c.objc; path = CalenderViewController.m; sourceTree = "<group>"; };
		5ECB0C871D80EF7D00CBC1D5 /* Realm.framework */ = {isa = PBXFileReference; lastKnownFileType = wrapper.framework; path = Realm.framework; sourceTree = "<group>"; };
		5EF5A7191D81DD1A000D5209 /* TabViewController.h */ = {isa = PBXFileReference; fileEncoding = 4; lastKnownFileType = sourcecode.c.h; path = TabViewController.h; sourceTree = "<group>"; };
		5EF5A71A1D81DD1A000D5209 /* TabViewController.m */ = {isa = PBXFileReference; fileEncoding = 4; lastKnownFileType = sourcecode.c.objc; path = TabViewController.m; sourceTree = "<group>"; };
		5EF5A7221D82326B000D5209 /* DisplayTableViewController.h */ = {isa = PBXFileReference; fileEncoding = 4; lastKnownFileType = sourcecode.c.h; path = DisplayTableViewController.h; sourceTree = "<group>"; };
		5EF5A7231D82326B000D5209 /* DisplayTableViewController.m */ = {isa = PBXFileReference; fileEncoding = 4; lastKnownFileType = sourcecode.c.objc; path = DisplayTableViewController.m; sourceTree = "<group>"; };
		5EF5A7281D83407A000D5209 /* TableViewCell.xib */ = {isa = PBXFileReference; fileEncoding = 4; lastKnownFileType = file.xib; name = TableViewCell.xib; path = TipCalculator/TableViewCell.xib; sourceTree = "<group>"; };
		604CEBD0B40B5BBE36702AA1 /* Pods-TipCalculator.release.xcconfig */ = {isa = PBXFileReference; includeInIndex = 1; lastKnownFileType = text.xcconfig; name = "Pods-TipCalculator.release.xcconfig"; path = "Pods/Target Support Files/Pods-TipCalculator/Pods-TipCalculator.release.xcconfig"; sourceTree = "<group>"; };
		FE48AE5499820B72A54FE4ED /* Pods-TipCalculator.debug.xcconfig */ = {isa = PBXFileReference; includeInIndex = 1; lastKnownFileType = text.xcconfig; name = "Pods-TipCalculator.debug.xcconfig"; path = "Pods/Target Support Files/Pods-TipCalculator/Pods-TipCalculator.debug.xcconfig"; sourceTree = "<group>"; };
/* End PBXFileReference section */

/* Begin PBXFrameworksBuildPhase section */
		5EA6A2381D748E6D00CF388D /* Frameworks */ = {
			isa = PBXFrameworksBuildPhase;
			buildActionMask = 2147483647;
			files = (
				5ECB0C881D80EF7D00CBC1D5 /* Realm.framework in Frameworks */,
				5EA6A2681D768DD200CF388D /* libsqlite3.0.tbd in Frameworks */,
				49293ADDA309749D6A5E87AE /* libPods-TipCalculator.a in Frameworks */,
			);
			runOnlyForDeploymentPostprocessing = 0;
		};
/* End PBXFrameworksBuildPhase section */

/* Begin PBXGroup section */
		155F1A4A8AF0DECAE83B5DA0 /* Pods */ = {
			isa = PBXGroup;
			children = (
				FE48AE5499820B72A54FE4ED /* Pods-TipCalculator.debug.xcconfig */,
				604CEBD0B40B5BBE36702AA1 /* Pods-TipCalculator.release.xcconfig */,
			);
			name = Pods;
			sourceTree = "<group>";
		};
		5E068CAD1D89F493002DBD35 /* LoginViewController */ = {
			isa = PBXGroup;
			children = (
				5E068CAA1D89F484002DBD35 /* LoginViewController.h */,
				5E068CAB1D89F484002DBD35 /* LoginViewController.m */,
			);
			name = LoginViewController;
			sourceTree = "<group>";
		};
		5E068CB11D8A0630002DBD35 /* SignUpViewController */ = {
			isa = PBXGroup;
			children = (
				5E068CAE1D8A0629002DBD35 /* SignUpViewController.h */,
				5E068CAF1D8A0629002DBD35 /* SignUpViewController.m */,
			);
			name = SignUpViewController;
			sourceTree = "<group>";
		};
		5E068CB51D8A0665002DBD35 /* VerificationCodeViewController */ = {
			isa = PBXGroup;
			children = (
				5E068CB21D8A0658002DBD35 /* VerificationCodeViewController.h */,
				5E068CB31D8A0658002DBD35 /* VerificationCodeViewController.m */,
			);
			name = VerificationCodeViewController;
			sourceTree = "<group>";
		};
		5EA6A2321D748E6D00CF388D = {
			isa = PBXGroup;
			children = (
				5E5FC3971D8D135C00AC7925 /* UserModel.h */,
				5E5FC3981D8D135C00AC7925 /* UserModel.m */,
				5E5FC3941D8D131D00AC7925 /* Service.h */,
				5E5FC3951D8D131D00AC7925 /* Service.m */,
				5ECB0C871D80EF7D00CBC1D5 /* Realm.framework */,
				5EA6A2671D768DD200CF388D /* libsqlite3.0.tbd */,
				5EA6A23D1D748E6D00CF388D /* TipCalculator */,
				5EA6A23C1D748E6D00CF388D /* Products */,
				155F1A4A8AF0DECAE83B5DA0 /* Pods */,
				89874E9F9CEB4A4156520891 /* Frameworks */,
			);
			sourceTree = "<group>";
		};
		5EA6A23C1D748E6D00CF388D /* Products */ = {
			isa = PBXGroup;
			children = (
				5EA6A23B1D748E6D00CF388D /* TipCalculator.app */,
			);
			name = Products;
			sourceTree = "<group>";
		};
		5EA6A23D1D748E6D00CF388D /* TipCalculator */ = {
			isa = PBXGroup;
			children = (
				5EA6A2411D748E6D00CF388D /* AppDelegate.h */,
				5EA6A2421D748E6D00CF388D /* AppDelegate.m */,
				5EA6A2471D748E6D00CF388D /* Main.storyboard */,
				5EF5A71F1D81FCDC000D5209 /* TabViewController */,
				5EA6A25E1D74A29D00CF388D /* TableViewController */,
				5EF5A71E1D81FCC8000D5209 /* ViewController */,
				5EF5A71D1D81FC8F000D5209 /* TableViewCell */,
				5EF5A71C1D81FC80000D5209 /* TipDataModel */,
				5EF5A7211D81FD84000D5209 /* CalanderViewController */,
				5EF5A7251D82327B000D5209 /* DisplayTableViewController */,
				5E068CAD1D89F493002DBD35 /* LoginViewController */,
				5E068CB11D8A0630002DBD35 /* SignUpViewController */,
				5E068CB51D8A0665002DBD35 /* VerificationCodeViewController */,
				5EA6A24D1D748E6D00CF388D /* Assets.xcassets */,
				5EA6A24F1D748E6D00CF388D /* LaunchScreen.storyboard */,
				5EA6A2521D748E6D00CF388D /* Info.plist */,
				5EA6A24A1D748E6D00CF388D /* TipCalculator.xcdatamodeld */,
				5EA6A23E1D748E6D00CF388D /* Supporting Files */,
			);
			path = TipCalculator;
			sourceTree = "<group>";
		};
		5EA6A23E1D748E6D00CF388D /* Supporting Files */ = {
			isa = PBXGroup;
			children = (
				5EA6A23F1D748E6D00CF388D /* main.m */,
			);
			name = "Supporting Files";
			sourceTree = "<group>";
		};
		5EA6A25E1D74A29D00CF388D /* TableViewController */ = {
			isa = PBXGroup;
			children = (
				5EA6A25B1D74A29000CF388D /* TableViewController.h */,
				5EA6A25C1D74A29000CF388D /* TableViewController.m */,
			);
			name = TableViewController;
			path = ..;
			sourceTree = "<group>";
		};
		5EF5A71C1D81FC80000D5209 /* TipDataModel */ = {
			isa = PBXGroup;
			children = (
				5EA6A2691D76911500CF388D /* TipDataModel.h */,
				5EA6A26A1D76911500CF388D /* TipDataModel.m */,
			);
			name = TipDataModel;
			path = ..;
			sourceTree = "<group>";
		};
		5EF5A71D1D81FC8F000D5209 /* TableViewCell */ = {
			isa = PBXGroup;
			children = (
				5EA6A2621D74CC1300CF388D /* TableViewCell.h */,
				5EA6A2631D74CC1300CF388D /* TableViewCell.m */,
				5EF5A7281D83407A000D5209 /* TableViewCell.xib */,
			);
			name = TableViewCell;
			path = ..;
			sourceTree = "<group>";
		};
		5EF5A71E1D81FCC8000D5209 /* ViewController */ = {
			isa = PBXGroup;
			children = (
				5EA6A2441D748E6D00CF388D /* ViewController.h */,
				5EA6A2451D748E6D00CF388D /* ViewController.m */,
			);
			name = ViewController;
			sourceTree = "<group>";
		};
		5EF5A71F1D81FCDC000D5209 /* TabViewController */ = {
			isa = PBXGroup;
			children = (
				5EF5A7191D81DD1A000D5209 /* TabViewController.h */,
				5EF5A71A1D81DD1A000D5209 /* TabViewController.m */,
			);
			name = TabViewController;
			sourceTree = "<group>";
		};
		5EF5A7211D81FD84000D5209 /* CalanderViewController */ = {
			isa = PBXGroup;
			children = (
				5EBDB5041D81307700525075 /* CalenderViewController.h */,
				5EBDB5051D81307700525075 /* CalenderViewController.m */,
			);
			name = CalanderViewController;
			path = ..;
			sourceTree = "<group>";
		};
		5EF5A7251D82327B000D5209 /* DisplayTableViewController */ = {
			isa = PBXGroup;
			children = (
				5EF5A7221D82326B000D5209 /* DisplayTableViewController.h */,
				5EF5A7231D82326B000D5209 /* DisplayTableViewController.m */,
			);
			name = DisplayTableViewController;
			sourceTree = "<group>";
		};
		89874E9F9CEB4A4156520891 /* Frameworks */ = {
			isa = PBXGroup;
			children = (
				190DFD3A2E418796BE4E1E53 /* libPods-TipCalculator.a */,
			);
			name = Frameworks;
			sourceTree = "<group>";
		};
/* End PBXGroup section */

/* Begin PBXNativeTarget section */
		5EA6A23A1D748E6D00CF388D /* TipCalculator */ = {
			isa = PBXNativeTarget;
			buildConfigurationList = 5EA6A2551D748E6D00CF388D /* Build configuration list for PBXNativeTarget "TipCalculator" */;
			buildPhases = (
				0039C27C4989BFC3406B1174 /* [CP] Check Pods Manifest.lock */,
				5EA6A2371D748E6D00CF388D /* Sources */,
				5EA6A2381D748E6D00CF388D /* Frameworks */,
				5EA6A2391D748E6D00CF388D /* Resources */,
				5ECB0C8A1D80EF7D00CBC1D5 /* Embed Frameworks */,
				A9332F4B0148FA768BBE1915 /* [CP] Embed Pods Frameworks */,
				20BC92AB7981106EF9CB394B /* [CP] Copy Pods Resources */,
			);
			buildRules = (
			);
			dependencies = (
			);
			name = TipCalculator;
			productName = TipCalculator;
			productReference = 5EA6A23B1D748E6D00CF388D /* TipCalculator.app */;
			productType = "com.apple.product-type.application";
		};
/* End PBXNativeTarget section */

/* Begin PBXProject section */
		5EA6A2331D748E6D00CF388D /* Project object */ = {
			isa = PBXProject;
			attributes = {
				LastUpgradeCheck = 0730;
				ORGANIZATIONNAME = PriyaManoj;
				TargetAttributes = {
					5EA6A23A1D748E6D00CF388D = {
						CreatedOnToolsVersion = 7.3.1;
					};
				};
			};
			buildConfigurationList = 5EA6A2361D748E6D00CF388D /* Build configuration list for PBXProject "TipCalculator" */;
			compatibilityVersion = "Xcode 3.2";
			developmentRegion = English;
			hasScannedForEncodings = 0;
			knownRegions = (
				en,
				Base,
			);
			mainGroup = 5EA6A2321D748E6D00CF388D;
			productRefGroup = 5EA6A23C1D748E6D00CF388D /* Products */;
			projectDirPath = "";
			projectRoot = "";
			targets = (
				5EA6A23A1D748E6D00CF388D /* TipCalculator */,
			);
		};
/* End PBXProject section */

/* Begin PBXResourcesBuildPhase section */
		5EA6A2391D748E6D00CF388D /* Resources */ = {
			isa = PBXResourcesBuildPhase;
			buildActionMask = 2147483647;
			files = (
				5EA6A2511D748E6D00CF388D /* LaunchScreen.storyboard in Resources */,
				5EF5A7291D83407A000D5209 /* TableViewCell.xib in Resources */,
				5EA6A24E1D748E6D00CF388D /* Assets.xcassets in Resources */,
				5EA6A2491D748E6D00CF388D /* Main.storyboard in Resources */,
			);
			runOnlyForDeploymentPostprocessing = 0;
		};
/* End PBXResourcesBuildPhase section */

/* Begin PBXShellScriptBuildPhase section */
		0039C27C4989BFC3406B1174 /* [CP] Check Pods Manifest.lock */ = {
			isa = PBXShellScriptBuildPhase;
			buildActionMask = 2147483647;
			files = (
			);
			inputPaths = (
			);
			name = "[CP] Check Pods Manifest.lock";
			outputPaths = (
			);
			runOnlyForDeploymentPostprocessing = 0;
			shellPath = /bin/sh;
			shellScript = "diff \"${PODS_ROOT}/../Podfile.lock\" \"${PODS_ROOT}/Manifest.lock\" > /dev/null\nif [[ $? != 0 ]] ; then\n    cat << EOM\nerror: The sandbox is not in sync with the Podfile.lock. Run 'pod install' or update your CocoaPods installation.\nEOM\n    exit 1\nfi\n";
			showEnvVarsInLog = 0;
		};
		20BC92AB7981106EF9CB394B /* [CP] Copy Pods Resources */ = {
			isa = PBXShellScriptBuildPhase;
			buildActionMask = 2147483647;
			files = (
			);
			inputPaths = (
			);
			name = "[CP] Copy Pods Resources";
			outputPaths = (
			);
			runOnlyForDeploymentPostprocessing = 0;
			shellPath = /bin/sh;
			shellScript = "\"${SRCROOT}/Pods/Target Support Files/Pods-TipCalculator/Pods-TipCalculator-resources.sh\"\n";
			showEnvVarsInLog = 0;
		};
		A9332F4B0148FA768BBE1915 /* [CP] Embed Pods Frameworks */ = {
			isa = PBXShellScriptBuildPhase;
			buildActionMask = 2147483647;
			files = (
			);
			inputPaths = (
			);
			name = "[CP] Embed Pods Frameworks";
			outputPaths = (
			);
			runOnlyForDeploymentPostprocessing = 0;
			shellPath = /bin/sh;
			shellScript = "\"${SRCROOT}/Pods/Target Support Files/Pods-TipCalculator/Pods-TipCalculator-frameworks.sh\"\n";
			showEnvVarsInLog = 0;
		};
/* End PBXShellScriptBuildPhase section */

/* Begin PBXSourcesBuildPhase section */
		5EA6A2371D748E6D00CF388D /* Sources */ = {
			isa = PBXSourcesBuildPhase;
			buildActionMask = 2147483647;
			files = (
				5EBDB5061D81307700525075 /* CalenderViewController.m in Sources */,
				5EA6A2461D748E6D00CF388D /* ViewController.m in Sources */,
				5E068CB01D8A0629002DBD35 /* SignUpViewController.m in Sources */,
				5EA6A2651D74CC1300CF388D /* TableViewCell.m in Sources */,
				5EF5A71B1D81DD1A000D5209 /* TabViewController.m in Sources */,
				5E5FC3961D8D131D00AC7925 /* Service.m in Sources */,
				5EA6A24C1D748E6D00CF388D /* TipCalculator.xcdatamodeld in Sources */,
				5EA6A26B1D76911500CF388D /* TipDataModel.m in Sources */,
				5EA6A2431D748E6D00CF388D /* AppDelegate.m in Sources */,
				5EA6A25D1D74A29000CF388D /* TableViewController.m in Sources */,
				5EF5A7241D82326B000D5209 /* DisplayTableViewController.m in Sources */,
				5E5FC3991D8D135C00AC7925 /* UserModel.m in Sources */,
				5E068CAC1D89F484002DBD35 /* LoginViewController.m in Sources */,
				5EA6A2401D748E6D00CF388D /* main.m in Sources */,
				5E068CB41D8A0658002DBD35 /* VerificationCodeViewController.m in Sources */,
			);
			runOnlyForDeploymentPostprocessing = 0;
		};
/* End PBXSourcesBuildPhase section */

/* Begin PBXVariantGroup section */
		5EA6A2471D748E6D00CF388D /* Main.storyboard */ = {
			isa = PBXVariantGroup;
			children = (
				5EA6A2481D748E6D00CF388D /* Base */,
			);
			name = Main.storyboard;
			sourceTree = "<group>";
		};
		5EA6A24F1D748E6D00CF388D /* LaunchScreen.storyboard */ = {
			isa = PBXVariantGroup;
			children = (
				5EA6A2501D748E6D00CF388D /* Base */,
			);
			name = LaunchScreen.storyboard;
			sourceTree = "<group>";
		};
/* End PBXVariantGroup section */

/* Begin XCBuildConfiguration section */
		5EA6A2531D748E6D00CF388D /* Debug */ = {
			isa = XCBuildConfiguration;
			buildSettings = {
				ALWAYS_SEARCH_USER_PATHS = NO;
				CLANG_ANALYZER_NONNULL = YES;
				CLANG_CXX_LANGUAGE_STANDARD = "gnu++0x";
				CLANG_CXX_LIBRARY = "libc++";
				CLANG_ENABLE_MODULES = YES;
				CLANG_ENABLE_OBJC_ARC = YES;
				CLANG_WARN_BOOL_CONVERSION = YES;
				CLANG_WARN_CONSTANT_CONVERSION = YES;
				CLANG_WARN_DIRECT_OBJC_ISA_USAGE = YES_ERROR;
				CLANG_WARN_EMPTY_BODY = YES;
				CLANG_WARN_ENUM_CONVERSION = YES;
				CLANG_WARN_INT_CONVERSION = YES;
				CLANG_WARN_OBJC_ROOT_CLASS = YES_ERROR;
				CLANG_WARN_UNREACHABLE_CODE = YES;
				CLANG_WARN__DUPLICATE_METHOD_MATCH = YES;
				"CODE_SIGN_IDENTITY[sdk=iphoneos*]" = "iPhone Developer";
				COPY_PHASE_STRIP = NO;
				DEBUG_INFORMATION_FORMAT = dwarf;
				ENABLE_STRICT_OBJC_MSGSEND = YES;
				ENABLE_TESTABILITY = YES;
				GCC_C_LANGUAGE_STANDARD = gnu99;
				GCC_DYNAMIC_NO_PIC = NO;
				GCC_NO_COMMON_BLOCKS = YES;
				GCC_OPTIMIZATION_LEVEL = 0;
				GCC_PREPROCESSOR_DEFINITIONS = (
					"DEBUG=1",
					"$(inherited)",
				);
				GCC_WARN_64_TO_32_BIT_CONVERSION = YES;
				GCC_WARN_ABOUT_RETURN_TYPE = YES_ERROR;
				GCC_WARN_UNDECLARED_SELECTOR = YES;
				GCC_WARN_UNINITIALIZED_AUTOS = YES_AGGRESSIVE;
				GCC_WARN_UNUSED_FUNCTION = YES;
				GCC_WARN_UNUSED_VARIABLE = YES;
				IPHONEOS_DEPLOYMENT_TARGET = 9.3;
				MTL_ENABLE_DEBUG_INFO = YES;
				ONLY_ACTIVE_ARCH = YES;
				SDKROOT = iphoneos;
				TARGETED_DEVICE_FAMILY = "1,2";
			};
			name = Debug;
		};
		5EA6A2541D748E6D00CF388D /* Release */ = {
			isa = XCBuildConfiguration;
			buildSettings = {
				ALWAYS_SEARCH_USER_PATHS = NO;
				CLANG_ANALYZER_NONNULL = YES;
				CLANG_CXX_LANGUAGE_STANDARD = "gnu++0x";
				CLANG_CXX_LIBRARY = "libc++";
				CLANG_ENABLE_MODULES = YES;
				CLANG_ENABLE_OBJC_ARC = YES;
				CLANG_WARN_BOOL_CONVERSION = YES;
				CLANG_WARN_CONSTANT_CONVERSION = YES;
				CLANG_WARN_DIRECT_OBJC_ISA_USAGE = YES_ERROR;
				CLANG_WARN_EMPTY_BODY = YES;
				CLANG_WARN_ENUM_CONVERSION = YES;
				CLANG_WARN_INT_CONVERSION = YES;
				CLANG_WARN_OBJC_ROOT_CLASS = YES_ERROR;
				CLANG_WARN_UNREACHABLE_CODE = YES;
				CLANG_WARN__DUPLICATE_METHOD_MATCH = YES;
				"CODE_SIGN_IDENTITY[sdk=iphoneos*]" = "iPhone Developer";
				COPY_PHASE_STRIP = NO;
				DEBUG_INFORMATION_FORMAT = "dwarf-with-dsym";
				ENABLE_NS_ASSERTIONS = NO;
				ENABLE_STRICT_OBJC_MSGSEND = YES;
				GCC_C_LANGUAGE_STANDARD = gnu99;
				GCC_NO_COMMON_BLOCKS = YES;
				GCC_WARN_64_TO_32_BIT_CONVERSION = YES;
				GCC_WARN_ABOUT_RETURN_TYPE = YES_ERROR;
				GCC_WARN_UNDECLARED_SELECTOR = YES;
				GCC_WARN_UNINITIALIZED_AUTOS = YES_AGGRESSIVE;
				GCC_WARN_UNUSED_FUNCTION = YES;
				GCC_WARN_UNUSED_VARIABLE = YES;
				IPHONEOS_DEPLOYMENT_TARGET = 9.3;
				MTL_ENABLE_DEBUG_INFO = NO;
				SDKROOT = iphoneos;
				TARGETED_DEVICE_FAMILY = "1,2";
				VALIDATE_PRODUCT = YES;
			};
			name = Release;
		};
		5EA6A2561D748E6D00CF388D /* Debug */ = {
			isa = XCBuildConfiguration;
			baseConfigurationReference = FE48AE5499820B72A54FE4ED /* Pods-TipCalculator.debug.xcconfig */;
			buildSettings = {
				ASSETCATALOG_COMPILER_APPICON_NAME = AppIcon;
				FRAMEWORK_SEARCH_PATHS = (
					"$(inherited)",
					"$(PROJECT_DIR)",
				);
				INFOPLIST_FILE = TipCalculator/Info.plist;
				LD_RUNPATH_SEARCH_PATHS = "$(inherited) @executable_path/Frameworks";
				PRODUCT_BUNDLE_IDENTIFIER = sindhupriya.TipCalculator;
				PRODUCT_NAME = "$(TARGET_NAME)";
			};
			name = Debug;
		};
		5EA6A2571D748E6D00CF388D /* Release */ = {
			isa = XCBuildConfiguration;
			baseConfigurationReference = 604CEBD0B40B5BBE36702AA1 /* Pods-TipCalculator.release.xcconfig */;
			buildSettings = {
				ASSETCATALOG_COMPILER_APPICON_NAME = AppIcon;
				FRAMEWORK_SEARCH_PATHS = (
					"$(inherited)",
					"$(PROJECT_DIR)",
				);
				INFOPLIST_FILE = TipCalculator/Info.plist;
				LD_RUNPATH_SEARCH_PATHS = "$(inherited) @executable_path/Frameworks";
				PRODUCT_BUNDLE_IDENTIFIER = sindhupriya.TipCalculator;
				PRODUCT_NAME = "$(TARGET_NAME)";
			};
			name = Release;
		};
/* End XCBuildConfiguration section */

/* Begin XCConfigurationList section */
		5EA6A2361D748E6D00CF388D /* Build configuration list for PBXProject "TipCalculator" */ = {
			isa = XCConfigurationList;
			buildConfigurations = (
				5EA6A2531D748E6D00CF388D /* Debug */,
				5EA6A2541D748E6D00CF388D /* Release */,
			);
			defaultConfigurationIsVisible = 0;
			defaultConfigurationName = Release;
		};
		5EA6A2551D748E6D00CF388D /* Build configuration list for PBXNativeTarget "TipCalculator" */ = {
			isa = XCConfigurationList;
			buildConfigurations = (
				5EA6A2561D748E6D00CF388D /* Debug */,
				5EA6A2571D748E6D00CF388D /* Release */,
			);
			defaultConfigurationIsVisible = 0;
			defaultConfigurationName = Release;
		};
/* End XCConfigurationList section */

/* Begin XCVersionGroup section */
		5EA6A24A1D748E6D00CF388D /* TipCalculator.xcdatamodeld */ = {
			isa = XCVersionGroup;
			children = (
				5EA6A24B1D748E6D00CF388D /* TipCalculator.xcdatamodel */,
			);
			currentVersion = 5EA6A24B1D748E6D00CF388D /* TipCalculator.xcdatamodel */;
			path = TipCalculator.xcdatamodeld;
			sourceTree = "<group>";
			versionGroupType = wrapper.xcdatamodel;
		};
/* End XCVersionGroup section */
	};
	rootObject = 5EA6A2331D748E6D00CF388D /* Project object */;
}
